
Microsoft Visual Studio Solution File, Format Version 12.00
# Visual Studio 15
VisualStudioVersion = 15.0.27004.2009
MinimumVisualStudioVersion = 10.0.40219.1
Project("{8BC9CEB8-8B4A-11D0-8D11-00A0C91BC942}") = "Stitch", "Stitch\Stitch.vcxproj", "{700943A6-7B30-47C4-8C97-6552B2822329}"
EndProject
Project("{8BC9CEB8-8B4A-11D0-8D11-00A0C91BC942}") = "test", "test\test.vcxproj", "{62772C74-B80A-4201-92CB-3FD81AF16726}"
EndProject
Project("{8BC9CEB8-8B4A-11D0-8D11-00A0C91BC942}") = "Capture", "Capture\Capture.vcxproj", "{B7865C98-0620-419A-87ED-66BD813017B3}"
EndProject
Global
	GlobalSection(SolutionConfigurationPlatforms) = preSolution
		Debug|x64 = Debug|x64
		Debug|x86 = Debug|x86
		Release|x64 = Release|x64
		Release|x86 = Release|x86
	EndGlobalSection
	GlobalSection(ProjectConfigurationPlatforms) = postSolution
		{700943A6-7B30-47C4-8C97-6552B2822329}.Debug|x64.ActiveCfg = Debug|x64
		{700943A6-7B30-47C4-8C97-6552B2822329}.Debug|x64.Build.0 = Debug|x64
		{700943A6-7B30-47C4-8C97-6552B2822329}.Debug|x86.ActiveCfg = Debug|Win32
		{700943A6-7B30-47C4-8C97-6552B2822329}.Debug|x86.Build.0 = Debug|Win32
		{700943A6-7B30-47C4-8C97-6552B2822329}.Release|x64.ActiveCfg = Release|x64
		{700943A6-7B30-47C4-8C97-6552B2822329}.Release|x64.Build.0 = Release|x64
		{700943A6-7B30-47C4-8C97-6552B2822329}.Release|x86.ActiveCfg = Release|Win32
		{700943A6-7B30-47C4-8C97-6552B2822329}.Release|x86.Build.0 = Release|Win32
		{62772C74-B80A-4201-92CB-3FD81AF16726}.Debug|x64.ActiveCfg = Debug|x64
		{62772C74-B80A-4201-92CB-3FD81AF16726}.Debug|x86.ActiveCfg = Debug|Win32
		{62772C74-B80A-4201-92CB-3FD81AF16726}.Debug|x86.Build.0 = Debug|Win32
		{62772C74-B80A-4201-92CB-3FD81AF16726}.Release|x64.ActiveCfg = Release|x64
		{62772C74-B80A-4201-92CB-3FD81AF16726}.Release|x64.Build.0 = Release|x64
		{62772C74-B80A-4201-92CB-3FD81AF16726}.Release|x86.ActiveCfg = Release|Win32
		{62772C74-B80A-4201-92CB-3FD81AF16726}.Release|x86.Build.0 = Release|Win32
		{B7865C98-0620-419A-87ED-66BD813017B3}.Debug|x64.ActiveCfg = Debug|x64
		{B7865C98-0620-419A-87ED-66BD813017B3}.Debug|x64.Build.0 = Debug|x64
		{B7865C98-0620-419A-87ED-66BD813017B3}.Debug|x86.ActiveCfg = Debug|Win32
		{B7865C98-0620-419A-87ED-66BD813017B3}.Debug|x86.Build.0 = Debug|Win32
		{B7865C98-0620-419A-87ED-66BD813017B3}.Release|x64.ActiveCfg = Release|x64
		{B7865C98-0620-419A-87ED-66BD813017B3}.Release|x64.Build.0 = Release|x64
		{B7865C98-0620-419A-87ED-66BD813017B3}.Release|x86.ActiveCfg = Release|Win32
		{B7865C98-0620-419A-87ED-66BD813017B3}.Release|x86.Build.0 = Release|Win32
	EndGlobalSection
	GlobalSection(SolutionProperties) = preSolution
		HideSolutionNode = FALSE
	EndGlobalSection
	GlobalSection(ExtensibilityGlobals) = postSolution
		SolutionGuid = {9025B92C-01C2-419B-8622-8A455500C4D2}
	EndGlobalSection
EndGlobal
